{
  "name": "yld-server",
  "version": "1.0.0",
  "lockfileVersion": 2,
  "requires": true,
  "packages": {
    "": {
      "name": "yld-server",
      "version": "1.0.0",
      "license": "ISC",
      "dependencies": {
        "@hocuspocus/server": "^2.0.6",
        "debounce": "^1.2.1"
      }
    },
    "node_modules/@hocuspocus/common": {
      "version": "2.0.6",
      "resolved": "https://registry.npmjs.org/@hocuspocus/common/-/common-2.0.6.tgz",
      "integrity": "sha512-IutSEWCkpJc81nKJX9Yzeqg87NuExKv7C2ccVfld7P+cNAHDhOvmNX9Xdol04AGf/8wMH5/a6eqaKT/wafnNpw==",
      "dependencies": {
        "lib0": "^0.2.47"
      }
    },
    "node_modules/@hocuspocus/server": {
      "version": "2.0.6",
      "resolved": "https://registry.npmjs.org/@hocuspocus/server/-/server-2.0.6.tgz",
      "integrity": "sha512-itNAoeSM7KFxhfBIvtYf+ufZbjxdgfZm6wTfGGZpKaso+8zRTkyGul5CTky4/phnuT3j44AeU/AQZZF1igqLMQ==",
      "dependencies": {
        "@hocuspocus/common": "^2.0.6",
        "async-lock": "^1.3.1",
        "kleur": "^4.1.4",
        "lib0": "^0.2.47",
        "uuid": "^9.0.0",
        "ws": "^8.5.0"
      },
      "peerDependencies": {
        "y-protocols": "^1.0.5",
        "yjs": "^13.5.29"
      }
    },
    "node_modules/async-lock": {
      "version": "1.4.0",
      "resolved": "https://registry.npmjs.org/async-lock/-/async-lock-1.4.0.tgz",
      "integrity": "sha512-coglx5yIWuetakm3/1dsX9hxCNox22h7+V80RQOu2XUUMidtArxKoZoOtHUPuR84SycKTXzgGzAUR5hJxujyJQ=="
    },
    "node_modules/debounce": {
      "version": "1.2.1",
      "resolved": "https://registry.npmjs.org/debounce/-/debounce-1.2.1.tgz",
      "integrity": "sha512-XRRe6Glud4rd/ZGQfiV1ruXSfbvfJedlV9Y6zOlP+2K04vBYiJEte6stfFkCP03aMnY5tsipamumUjL14fofug=="
    },
    "node_modules/isomorphic.js": {
      "version": "0.2.5",
      "resolved": "https://registry.npmjs.org/isomorphic.js/-/isomorphic.js-0.2.5.tgz",
      "integrity": "sha512-PIeMbHqMt4DnUP3MA/Flc0HElYjMXArsw1qwJZcm9sqR8mq3l8NYizFMty0pWwE/tzIGH3EKK5+jes5mAr85yw==",
      "funding": {
        "type": "GitHub Sponsors ❤",
        "url": "https://github.com/sponsors/dmonad"
      }
    },
    "node_modules/kleur": {
      "version": "4.1.5",
      "resolved": "https://registry.npmjs.org/kleur/-/kleur-4.1.5.tgz",
      "integrity": "sha512-o+NO+8WrRiQEE4/7nwRJhN1HWpVmJm511pBHUxPLtp0BUISzlBplORYSmTclCnJvQq2tKu/sgl3xVpkc7ZWuQQ==",
      "engines": {
        "node": ">=6"
      }
    },
    "node_modules/lib0": {
      "version": "0.2.74",
      "resolved": "https://registry.npmjs.org/lib0/-/lib0-0.2.74.tgz",
      "integrity": "sha512-roj9i46/JwG5ik5KNTkxP2IytlnrssAkD/OhlAVtE+GqectrdkfR+pttszVLrOzMDeXNs1MPt6yo66MUolWSiA==",
      "dependencies": {
        "isomorphic.js": "^0.2.4"
      },
      "bin": {
        "0gentesthtml": "bin/gentesthtml.js",
        "0serve": "bin/0serve.js"
      },
      "engines": {
        "node": ">=14"
      },
      "funding": {
        "type": "GitHub Sponsors ❤",
        "url": "https://github.com/sponsors/dmonad"
      }
    },
    "node_modules/uuid": {
      "version": "9.0.0",
      "resolved": "https://registry.npmjs.org/uuid/-/uuid-9.0.0.tgz",
      "integrity": "sha512-MXcSTerfPa4uqyzStbRoTgt5XIe3x5+42+q1sDuy3R5MDk66URdLMOZe5aPX/SQd+kuYAh0FdP/pO28IkQyTeg==",
      "bin": {
        "uuid": "dist/bin/uuid"
      }
    },
    "node_modules/ws": {
      "version": "8.13.0",
      "resolved": "https://registry.npmjs.org/ws/-/ws-8.13.0.tgz",
      "integrity": "sha512-x9vcZYTrFPC7aSIbj7sRCYo7L/Xb8Iy+pW0ng0wt2vCJv7M9HOMy0UoN3rr+IFC7hb7vXoqS+P9ktyLLLhO+LA==",
      "engines": {
        "node": ">=10.0.0"
      },
      "peerDependencies": {
        "bufferutil": "^4.0.1",
        "utf-8-validate": ">=5.0.2"
      },
      "peerDependenciesMeta": {
        "bufferutil": {
          "optional": true
        },
        "utf-8-validate": {
          "optional": true
        }
      }
    },
    "node_modules/y-protocols": {
      "version": "1.0.5",
      "resolved": "https://registry.npmjs.org/y-protocols/-/y-protocols-1.0.5.tgz",
      "integrity": "sha512-Wil92b7cGk712lRHDqS4T90IczF6RkcvCwAD0A2OPg+adKmOe+nOiT/N2hvpQIWS3zfjmtL4CPaH5sIW1Hkm/A==",
      "peer": true,
      "dependencies": {
        "lib0": "^0.2.42"
      },
      "funding": {
        "type": "GitHub Sponsors ❤",
        "url": "https://github.com/sponsors/dmonad"
      }
    },
    "node_modules/yjs": {
      "version": "13.6.1",
      "resolved": "https://registry.npmjs.org/yjs/-/yjs-13.6.1.tgz",
      "integrity": "sha512-IyyHL+/v9N2S4YLSjGHMa0vMAfFxq8RDG5Nvb77raTTHJPweU3L/fRlqw6ElZvZUuHWnax3ufHR0Tx0ntfG63Q==",
      "peer": true,
      "dependencies": {
        "lib0": "^0.2.74"
      },
      "engines": {
        "node": ">=16.0.0",
        "npm": ">=8.0.0"
      },
      "funding": {
        "type": "GitHub Sponsors ❤",
        "url": "https://github.com/sponsors/dmonad"
      }
    }
  },
  "dependencies": {
    "@hocuspocus/common": {
      "version": "2.0.6",
      "resolved": "https://registry.npmjs.org/@hocuspocus/common/-/common-2.0.6.tgz",
      "integrity": "sha512-IutSEWCkpJc81nKJX9Yzeqg87NuExKv7C2ccVfld7P+cNAHDhOvmNX9Xdol04AGf/8wMH5/a6eqaKT/wafnNpw==",
      "requires": {
        "lib0": "^0.2.47"
      }
    },
    "@hocuspocus/server": {
      "version": "2.0.6",
      "resolved": "https://registry.npmjs.org/@hocuspocus/server/-/server-2.0.6.tgz",
      "integrity": "sha512-itNAoeSM7KFxhfBIvtYf+ufZbjxdgfZm6wTfGGZpKaso+8zRTkyGul5CTky4/phnuT3j44AeU/AQZZF1igqLMQ==",
      "requires": {
        "@hocuspocus/common": "^2.0.6",
        "async-lock": "^1.3.1",
        "kleur": "^4.1.4",
        "lib0": "^0.2.47",
        "uuid": "^9.0.0",
        "ws": "^8.5.0"
      }
    },
    "async-lock": {
      "version": "1.4.0",
      "resolved": "https://registry.npmjs.org/async-lock/-/async-lock-1.4.0.tgz",
      "integrity": "sha512-coglx5yIWuetakm3/1dsX9hxCNox22h7+V80RQOu2XUUMidtArxKoZoOtHUPuR84SycKTXzgGzAUR5hJxujyJQ=="
    },
    "debounce": {
      "version": "1.2.1",
      "resolved": "https://registry.npmjs.org/debounce/-/debounce-1.2.1.tgz",
      "integrity": "sha512-XRRe6Glud4rd/ZGQfiV1ruXSfbvfJedlV9Y6zOlP+2K04vBYiJEte6stfFkCP03aMnY5tsipamumUjL14fofug=="
    },
    "isomorphic.js": {
      "version": "0.2.5",
      "resolved": "https://registry.npmjs.org/isomorphic.js/-/isomorphic.js-0.2.5.tgz",
      "integrity": "sha512-PIeMbHqMt4DnUP3MA/Flc0HElYjMXArsw1qwJZcm9sqR8mq3l8NYizFMty0pWwE/tzIGH3EKK5+jes5mAr85yw=="
    },
    "kleur": {
      "version": "4.1.5",
      "resolved": "https://registry.npmjs.org/kleur/-/kleur-4.1.5.tgz",
      "integrity": "sha512-o+NO+8WrRiQEE4/7nwRJhN1HWpVmJm511pBHUxPLtp0BUISzlBplORYSmTclCnJvQq2tKu/sgl3xVpkc7ZWuQQ=="
    },
    "lib0": {
      "version": "0.2.74",
      "resolved": "https://registry.npmjs.org/lib0/-/lib0-0.2.74.tgz",
      "integrity": "sha512-roj9i46/JwG5ik5KNTkxP2IytlnrssAkD/OhlAVtE+GqectrdkfR+pttszVLrOzMDeXNs1MPt6yo66MUolWSiA==",
      "requires": {
        "isomorphic.js": "^0.2.4"
      }
    },
    "uuid": {
      "version": "9.0.0",
      "resolved": "https://registry.npmjs.org/uuid/-/uuid-9.0.0.tgz",
      "integrity": "sha512-MXcSTerfPa4uqyzStbRoTgt5XIe3x5+42+q1sDuy3R5MDk66URdLMOZe5aPX/SQd+kuYAh0FdP/pO28IkQyTeg=="
    },
    "ws": {
      "version": "8.13.0",
      "resolved": "https://registry.npmjs.org/ws/-/ws-8.13.0.tgz",
      "integrity": "sha512-x9vcZYTrFPC7aSIbj7sRCYo7L/Xb8Iy+pW0ng0wt2vCJv7M9HOMy0UoN3rr+IFC7hb7vXoqS+P9ktyLLLhO+LA==",
      "requires": {}
    },
    "y-protocols": {
      "version": "1.0.5",
      "resolved": "https://registry.npmjs.org/y-protocols/-/y-protocols-1.0.5.tgz",
      "integrity": "sha512-Wil92b7cGk712lRHDqS4T90IczF6RkcvCwAD0A2OPg+adKmOe+nOiT/N2hvpQIWS3zfjmtL4CPaH5sIW1Hkm/A==",
      "peer": true,
      "requires": {
        "lib0": "^0.2.42"
      }
    },
    "yjs": {
      "version": "13.6.1",
      "resolved": "https://registry.npmjs.org/yjs/-/yjs-13.6.1.tgz",
      "integrity": "sha512-IyyHL+/v9N2S4YLSjGHMa0vMAfFxq8RDG5Nvb77raTTHJPweU3L/fRlqw6ElZvZUuHWnax3ufHR0Tx0ntfG63Q==",
      "peer": true,
      "requires": {
        "lib0": "^0.2.74"
      }
    }
  }
}
